
Microsoft Visual Studio Solution File, Format Version 12.00
# Visual Studio Version 16
VisualStudioVersion = 16.0.30225.117
MinimumVisualStudioVersion = 10.0.40219.1
Project("{9A19103F-16F7-4668-BE54-9A1E7A4F7556}") = "Mitrais.API", "Mitrais.API\Mitrais.API.csproj", "{CD3F3762-7036-4A89-B967-2734EF874776}"
EndProject
Project("{9A19103F-16F7-4668-BE54-9A1E7A4F7556}") = "Mitrais.Data", "Mitrais.Data\Mitrais.Data.csproj", "{90DF7A40-7CC3-4EB0-B256-1CA38880686F}"
EndProject
Project("{FAE04EC0-301F-11D3-BF4B-00C04F79EFBC}") = "Mitrais.Interface", "Mitrais.Interface\Mitrais.Interface.csproj", "{593E37D5-35CE-4EEB-82FF-C88A988C06F7}"
EndProject
Project("{FAE04EC0-301F-11D3-BF4B-00C04F79EFBC}") = "Mitrais.Service", "Mitrais.Service\Mitrais.Service.csproj", "{1093CB93-CA35-49C4-84E4-53E4507B80EB}"
EndProject
Global
	GlobalSection(SolutionConfigurationPlatforms) = preSolution
		Debug|Any CPU = Debug|Any CPU
		Release|Any CPU = Release|Any CPU
	EndGlobalSection
	GlobalSection(ProjectConfigurationPlatforms) = postSolution
		{CD3F3762-7036-4A89-B967-2734EF874776}.Debug|Any CPU.ActiveCfg = Debug|Any CPU
		{CD3F3762-7036-4A89-B967-2734EF874776}.Debug|Any CPU.Build.0 = Debug|Any CPU
		{CD3F3762-7036-4A89-B967-2734EF874776}.Release|Any CPU.ActiveCfg = Release|Any CPU
		{CD3F3762-7036-4A89-B967-2734EF874776}.Release|Any CPU.Build.0 = Release|Any CPU
		{90DF7A40-7CC3-4EB0-B256-1CA38880686F}.Debug|Any CPU.ActiveCfg = Debug|Any CPU
		{90DF7A40-7CC3-4EB0-B256-1CA38880686F}.Debug|Any CPU.Build.0 = Debug|Any CPU
		{90DF7A40-7CC3-4EB0-B256-1CA38880686F}.Release|Any CPU.ActiveCfg = Release|Any CPU
		{90DF7A40-7CC3-4EB0-B256-1CA38880686F}.Release|Any CPU.Build.0 = Release|Any CPU
		{593E37D5-35CE-4EEB-82FF-C88A988C06F7}.Debug|Any CPU.ActiveCfg = Debug|Any CPU
		{593E37D5-35CE-4EEB-82FF-C88A988C06F7}.Debug|Any CPU.Build.0 = Debug|Any CPU
		{593E37D5-35CE-4EEB-82FF-C88A988C06F7}.Release|Any CPU.ActiveCfg = Release|Any CPU
		{593E37D5-35CE-4EEB-82FF-C88A988C06F7}.Release|Any CPU.Build.0 = Release|Any CPU
		{1093CB93-CA35-49C4-84E4-53E4507B80EB}.Debug|Any CPU.ActiveCfg = Debug|Any CPU
		{1093CB93-CA35-49C4-84E4-53E4507B80EB}.Debug|Any CPU.Build.0 = Debug|Any CPU
		{1093CB93-CA35-49C4-84E4-53E4507B80EB}.Release|Any CPU.ActiveCfg = Release|Any CPU
		{1093CB93-CA35-49C4-84E4-53E4507B80EB}.Release|Any CPU.Build.0 = Release|Any CPU
	EndGlobalSection
	GlobalSection(SolutionProperties) = preSolution
		HideSolutionNode = FALSE
	EndGlobalSection
	GlobalSection(ExtensibilityGlobals) = postSolution
		SolutionGuid = {1D375FE5-3097-4124-9EAF-6427E226ED7B}
	EndGlobalSection
EndGlobal
